
Microsoft Visual Studio Solution File, Format Version 12.00
# Visual Studio 15
VisualStudioVersion = 15.0.27004.2002
MinimumVisualStudioVersion = 10.0.40219.1
Project("{FAE04EC0-301F-11D3-BF4B-00C04F79EFBC}") = "LED", "LED\LED.csproj", "{8F1AFC4A-9489-4577-81C7-D839E2C1A4E3}"
EndProject
Project("{FAE04EC0-301F-11D3-BF4B-00C04F79EFBC}") = "Blink1", "Blink1\Blink1.csproj", "{ACF2E926-F922-45A8-874B-967AD04BB837}"
EndProject
Project("{FAE04EC0-301F-11D3-BF4B-00C04F79EFBC}") = "HidLibrary", "HidLibrary\HidLibrary.csproj", "{9E8F1D50-74EA-4C60-BD5C-AB2C5B53BC66}"
EndProject
Project("{FAE04EC0-301F-11D3-BF4B-00C04F79EFBC}") = "LEDTest", "LEDTest\LEDTest.csproj", "{8D9520C4-858D-4A23-A820-8148B481E04A}"
EndProject
Global
	GlobalSection(SolutionConfigurationPlatforms) = preSolution
		Debug|Any CPU = Debug|Any CPU
		Release|Any CPU = Release|Any CPU
	EndGlobalSection
	GlobalSection(ProjectConfigurationPlatforms) = postSolution
		{8F1AFC4A-9489-4577-81C7-D839E2C1A4E3}.Debug|Any CPU.ActiveCfg = Debug|Any CPU
		{8F1AFC4A-9489-4577-81C7-D839E2C1A4E3}.Debug|Any CPU.Build.0 = Debug|Any CPU
		{8F1AFC4A-9489-4577-81C7-D839E2C1A4E3}.Release|Any CPU.ActiveCfg = Release|Any CPU
		{8F1AFC4A-9489-4577-81C7-D839E2C1A4E3}.Release|Any CPU.Build.0 = Release|Any CPU
		{ACF2E926-F922-45A8-874B-967AD04BB837}.Debug|Any CPU.ActiveCfg = Debug|Any CPU
		{ACF2E926-F922-45A8-874B-967AD04BB837}.Debug|Any CPU.Build.0 = Debug|Any CPU
		{ACF2E926-F922-45A8-874B-967AD04BB837}.Release|Any CPU.ActiveCfg = Release|Any CPU
		{ACF2E926-F922-45A8-874B-967AD04BB837}.Release|Any CPU.Build.0 = Release|Any CPU
		{9E8F1D50-74EA-4C60-BD5C-AB2C5B53BC66}.Debug|Any CPU.ActiveCfg = Debug|Any CPU
		{9E8F1D50-74EA-4C60-BD5C-AB2C5B53BC66}.Debug|Any CPU.Build.0 = Debug|Any CPU
		{9E8F1D50-74EA-4C60-BD5C-AB2C5B53BC66}.Release|Any CPU.ActiveCfg = Release|Any CPU
		{9E8F1D50-74EA-4C60-BD5C-AB2C5B53BC66}.Release|Any CPU.Build.0 = Release|Any CPU
		{8D9520C4-858D-4A23-A820-8148B481E04A}.Debug|Any CPU.ActiveCfg = Debug|Any CPU
		{8D9520C4-858D-4A23-A820-8148B481E04A}.Debug|Any CPU.Build.0 = Debug|Any CPU
		{8D9520C4-858D-4A23-A820-8148B481E04A}.Release|Any CPU.ActiveCfg = Release|Any CPU
		{8D9520C4-858D-4A23-A820-8148B481E04A}.Release|Any CPU.Build.0 = Release|Any CPU
	EndGlobalSection
	GlobalSection(SolutionProperties) = preSolution
		HideSolutionNode = FALSE
	EndGlobalSection
	GlobalSection(ExtensibilityGlobals) = postSolution
		SolutionGuid = {6E17222E-5A5F-454D-A90A-A9D31FB09AE5}
	EndGlobalSection
EndGlobal
